Microsoft Visual Studio Solution File, Format Version 12.00
# Visual Studio Version 17
VisualStudioVersion = 17.8.34525.116
MinimumVisualStudioVersion = 10.0.40219.1
Project("{FAE04EC0-301F-11D3-BF4B-00C04F79EFBC}") = "Shared", "Shared\Shared.csproj", "{20068CA2-EED2-4C9E-99BE-1EDF9569777D}"
EndProject
Project("{FAE04EC0-301F-11D3-BF4B-00C04F79EFBC}") = "Extractor", "Extractor\Extractor.csproj", "{84682055-CE27-47E2-90CA-5ACF8184097D}"
EndProject
Project("{FAE04EC0-301F-11D3-BF4B-00C04F79EFBC}") = "ModManager", "ModManager\ModManager.csproj", "{2CE18D23-5ED3-472F-986F-A3E957DB4A7C}"
EndProject
Project("{FAE04EC0-301F-11D3-BF4B-00C04F79EFBC}") = "SoundConverter", "SoundConverter\SoundConverter.csproj", "{9A9C5607-17A6-414C-8545-2CED3D407701}"
EndProject
Project("{FAE04EC0-301F-11D3-BF4B-00C04F79EFBC}") = "BinaryTemplateGenerator", "BinaryTemplateGenerator\BinaryTemplateGenerator.csproj", "{9A76FC94-00FE-4425-910C-9968D56F073E}"
EndProject
Project("{FAE04EC0-301F-11D3-BF4B-00C04F79EFBC}") = "HookTool", "HookTool\HookTool.csproj", "{1D24B276-D654-42A2-A8BC-9F5F45150CCD}"
EndProject
Project("{2150E333-8FDC-42A3-9474-1A3956D46DE8}") = "Hooks", "Hooks", "{DDB4EF12-CC4E-5E88-E6FC-71A802F4DE97}"
EndProject
Project("{8BC9CEB8-8B4A-11D0-8D11-00A0C91BC942}") = "SottrHook", "Hooks\SottrHook\SottrHook.vcxproj", "{CAAF15C8-E7C2-478E-B72F-52F069238647}"
EndProject
Project("{8BC9CEB8-8B4A-11D0-8D11-00A0C91BC942}") = "Shared", "Hooks\Shared\Shared.vcxitems", "{CA794B28-985C-4FBD-83AF-ED057C30F9E3}"
EndProject
Project("{8BC9CEB8-8B4A-11D0-8D11-00A0C91BC942}") = "RottrHook", "Hooks\RottrHook\RottrHook.vcxproj", "{3D37BD72-8D37-4BC1-B84A-840DA576C223}"
EndProject
Project("{8BC9CEB8-8B4A-11D0-8D11-00A0C91BC942}") = "Tr2013Hook", "Hooks\Tr2013Hook\Tr2013Hook.vcxproj", "{C8EFA5EA-2EBD-4987-8CFD-CDA4730BDE48}"
EndProject
Project("{8BC9CEB8-8B4A-11D0-8D11-00A0C91BC942}") = "Detours64", "Hooks\vendor\Detours64.vcxproj", "{BE6BD0D1-2942-4BE8-AF1F-76B9137CCA6F}"
EndProject
Project("{8BC9CEB8-8B4A-11D0-8D11-00A0C91BC942}") = "Detours32", "Hooks\vendor\Detours32.vcxproj", "{B3C6CD31-7524-4AAC-AEAD-D85CB06421EE}"
EndProject
Project("{FAE04EC0-301F-11D3-BF4B-00C04F79EFBC}") = "BinaryTemplateConverter", "BinaryTemplateConverter\BinaryTemplateConverter.csproj", "{826F7A2C-4630-438E-898A-453A01B5A5B7}"
EndProject
Global
	GlobalSection(SolutionConfigurationPlatforms) = preSolution
		Debug|Any CPU = Debug|Any CPU
		Release|Any CPU = Release|Any CPU
	EndGlobalSection
	GlobalSection(ProjectConfigurationPlatforms) = postSolution
		{20068CA2-EED2-4C9E-99BE-1EDF9569777D}.Debug|Any CPU.ActiveCfg = Debug|Any CPU
		{20068CA2-EED2-4C9E-99BE-1EDF9569777D}.Debug|Any CPU.Build.0 = Debug|Any CPU
		{20068CA2-EED2-4C9E-99BE-1EDF9569777D}.Release|Any CPU.ActiveCfg = Release|Any CPU
		{20068CA2-EED2-4C9E-99BE-1EDF9569777D}.Release|Any CPU.Build.0 = Release|Any CPU
		{84682055-CE27-47E2-90CA-5ACF8184097D}.Debug|Any CPU.ActiveCfg = Debug|Any CPU
		{84682055-CE27-47E2-90CA-5ACF8184097D}.Debug|Any CPU.Build.0 = Debug|Any CPU
		{84682055-CE27-47E2-90CA-5ACF8184097D}.Release|Any CPU.ActiveCfg = Release|Any CPU
		{84682055-CE27-47E2-90CA-5ACF8184097D}.Release|Any CPU.Build.0 = Release|Any CPU
		{2CE18D23-5ED3-472F-986F-A3E957DB4A7C}.Debug|Any CPU.ActiveCfg = Debug|Any CPU
		{2CE18D23-5ED3-472F-986F-A3E957DB4A7C}.Debug|Any CPU.Build.0 = Debug|Any CPU
		{2CE18D23-5ED3-472F-986F-A3E957DB4A7C}.Release|Any CPU.ActiveCfg = Release|Any CPU
		{2CE18D23-5ED3-472F-986F-A3E957DB4A7C}.Release|Any CPU.Build.0 = Release|Any CPU
		{9A9C5607-17A6-414C-8545-2CED3D407701}.Debug|Any CPU.ActiveCfg = Debug|Any CPU
		{9A9C5607-17A6-414C-8545-2CED3D407701}.Debug|Any CPU.Build.0 = Debug|Any CPU
		{9A9C5607-17A6-414C-8545-2CED3D407701}.Release|Any CPU.ActiveCfg = Release|Any CPU
		{9A9C5607-17A6-414C-8545-2CED3D407701}.Release|Any CPU.Build.0 = Release|Any CPU
		{9A76FC94-00FE-4425-910C-9968D56F073E}.Debug|Any CPU.ActiveCfg = Debug|Any CPU
		{9A76FC94-00FE-4425-910C-9968D56F073E}.Debug|Any CPU.Build.0 = Debug|Any CPU
		{9A76FC94-00FE-4425-910C-9968D56F073E}.Release|Any CPU.ActiveCfg = Release|Any CPU
		{9A76FC94-00FE-4425-910C-9968D56F073E}.Release|Any CPU.Build.0 = Release|Any CPU
		{1D24B276-D654-42A2-A8BC-9F5F45150CCD}.Debug|Any CPU.ActiveCfg = Debug|Any CPU
		{1D24B276-D654-42A2-A8BC-9F5F45150CCD}.Debug|Any CPU.Build.0 = Debug|Any CPU
		{1D24B276-D654-42A2-A8BC-9F5F45150CCD}.Release|Any CPU.ActiveCfg = Release|Any CPU
		{1D24B276-D654-42A2-A8BC-9F5F45150CCD}.Release|Any CPU.Build.0 = Release|Any CPU
		{CAAF15C8-E7C2-478E-B72F-52F069238647}.Debug|Any CPU.ActiveCfg = Debug|x64
		{CAAF15C8-E7C2-478E-B72F-52F069238647}.Debug|Any CPU.Build.0 = Debug|x64
		{CAAF15C8-E7C2-478E-B72F-52F069238647}.Release|Any CPU.ActiveCfg = Release|x64
		{CAAF15C8-E7C2-478E-B72F-52F069238647}.Release|Any CPU.Build.0 = Release|x64
		{3D37BD72-8D37-4BC1-B84A-840DA576C223}.Debug|Any CPU.ActiveCfg = Debug|x64
		{3D37BD72-8D37-4BC1-B84A-840DA576C223}.Debug|Any CPU.Build.0 = Debug|x64
		{3D37BD72-8D37-4BC1-B84A-840DA576C223}.Release|Any CPU.ActiveCfg = Release|x64
		{3D37BD72-8D37-4BC1-B84A-840DA576C223}.Release|Any CPU.Build.0 = Release|x64
		{C8EFA5EA-2EBD-4987-8CFD-CDA4730BDE48}.Debug|Any CPU.ActiveCfg = Debug|Win32
		{C8EFA5EA-2EBD-4987-8CFD-CDA4730BDE48}.Debug|Any CPU.Build.0 = Debug|Win32
		{C8EFA5EA-2EBD-4987-8CFD-CDA4730BDE48}.Release|Any CPU.ActiveCfg = Release|Win32
		{C8EFA5EA-2EBD-4987-8CFD-CDA4730BDE48}.Release|Any CPU.Build.0 = Release|Win32
		{BE6BD0D1-2942-4BE8-AF1F-76B9137CCA6F}.Debug|Any CPU.ActiveCfg = Debug|x64
		{BE6BD0D1-2942-4BE8-AF1F-76B9137CCA6F}.Debug|Any CPU.Build.0 = Debug|x64
		{BE6BD0D1-2942-4BE8-AF1F-76B9137CCA6F}.Release|Any CPU.ActiveCfg = Release|x64
		{BE6BD0D1-2942-4BE8-AF1F-76B9137CCA6F}.Release|Any CPU.Build.0 = Release|x64
		{B3C6CD31-7524-4AAC-AEAD-D85CB06421EE}.Debug|Any CPU.ActiveCfg = Debug|Win32
		{B3C6CD31-7524-4AAC-AEAD-D85CB06421EE}.Debug|Any CPU.Build.0 = Debug|Win32
		{B3C6CD31-7524-4AAC-AEAD-D85CB06421EE}.Release|Any CPU.ActiveCfg = Release|Win32
		{B3C6CD31-7524-4AAC-AEAD-D85CB06421EE}.Release|Any CPU.Build.0 = Release|Win32
		{826F7A2C-4630-438E-898A-453A01B5A5B7}.Debug|Any CPU.ActiveCfg = Debug|Any CPU
		{826F7A2C-4630-438E-898A-453A01B5A5B7}.Debug|Any CPU.Build.0 = Debug|Any CPU
		{826F7A2C-4630-438E-898A-453A01B5A5B7}.Release|Any CPU.ActiveCfg = Release|Any CPU
		{826F7A2C-4630-438E-898A-453A01B5A5B7}.Release|Any CPU.Build.0 = Release|Any CPU
	EndGlobalSection
	GlobalSection(SolutionProperties) = preSolution
		HideSolutionNode = FALSE
	EndGlobalSection
	GlobalSection(NestedProjects) = preSolution
		{CAAF15C8-E7C2-478E-B72F-52F069238647} = {DDB4EF12-CC4E-5E88-E6FC-71A802F4DE97}
		{CA794B28-985C-4FBD-83AF-ED057C30F9E3} = {DDB4EF12-CC4E-5E88-E6FC-71A802F4DE97}
		{3D37BD72-8D37-4BC1-B84A-840DA576C223} = {DDB4EF12-CC4E-5E88-E6FC-71A802F4DE97}
		{C8EFA5EA-2EBD-4987-8CFD-CDA4730BDE48} = {DDB4EF12-CC4E-5E88-E6FC-71A802F4DE97}
		{BE6BD0D1-2942-4BE8-AF1F-76B9137CCA6F} = {DDB4EF12-CC4E-5E88-E6FC-71A802F4DE97}
		{B3C6CD31-7524-4AAC-AEAD-D85CB06421EE} = {DDB4EF12-CC4E-5E88-E6FC-71A802F4DE97}
	EndGlobalSection
	GlobalSection(ExtensibilityGlobals) = postSolution
		SolutionGuid = {EBCC4739-79FB-435D-93FC-9E96BA0707E9}
	EndGlobalSection
	GlobalSection(SharedMSBuildProjectFiles) = preSolution
		Hooks\Shared\Shared.vcxitems*{3d37bd72-8d37-4bc1-b84a-840da576c223}*SharedItemsImports = 4
		Hooks\Shared\Shared.vcxitems*{c8efa5ea-2ebd-4987-8cfd-cda4730bde48}*SharedItemsImports = 4
		Hooks\Shared\Shared.vcxitems*{ca794b28-985c-4fbd-83af-ed057c30f9e3}*SharedItemsImports = 9
		Hooks\Shared\Shared.vcxitems*{caaf15c8-e7c2-478e-b72f-52f069238647}*SharedItemsImports = 4
	EndGlobalSection
EndGlobal
