Microsoft Visual Studio Solution File, Format Version 12.00
# Visual Studio Version 17
VisualStudioVersion = 17.8.34525.116
MinimumVisualStudioVersion = 10.0.40219.1
Project("{2150E333-8FDC-42A3-9474-1A3956D46DE8}") = "Hooks", "Hooks", "{DDB4EF12-CC4E-5E88-E6FC-71A802F4DE97}"
EndProject
Project("{8BC9CEB8-8B4A-11D0-8D11-00A0C91BC942}") = "SottrHook", "Hooks\SottrHook\SottrHook.vcxproj", "{CAAF15C8-E7C2-478E-B72F-52F069238647}"
EndProject
Project("{8BC9CEB8-8B4A-11D0-8D11-00A0C91BC942}") = "Shared", "Hooks\Shared\Shared.vcxitems", "{CA794B28-985C-4FBD-83AF-ED057C30F9E3}"
EndProject
Project("{8BC9CEB8-8B4A-11D0-8D11-00A0C91BC942}") = "RottrHook", "Hooks\RottrHook\RottrHook.vcxproj", "{3D37BD72-8D37-4BC1-B84A-840DA576C223}"
EndProject
Project("{8BC9CEB8-8B4A-11D0-8D11-00A0C91BC942}") = "Tr2013Hook", "Hooks\Tr2013Hook\Tr2013Hook.vcxproj", "{C8EFA5EA-2EBD-4987-8CFD-CDA4730BDE48}"
EndProject
Project("{8BC9CEB8-8B4A-11D0-8D11-00A0C91BC942}") = "Detours64", "Hooks\vendor\Detours64.vcxproj", "{BE6BD0D1-2942-4BE8-AF1F-76B9137CCA6F}"
EndProject
Project("{8BC9CEB8-8B4A-11D0-8D11-00A0C91BC942}") = "Detours32", "Hooks\vendor\Detours32.vcxproj", "{B3C6CD31-7524-4AAC-AEAD-D85CB06421EE}"
EndProject
Project("{FAE04EC0-301F-11D3-BF4B-00C04F79EFBC}") = "ModManager", "ModManager\ModManager.csproj", "{63BB15C3-BF3B-4DB2-99FB-92B7AEEFE3FC}"
EndProject
Project("{FAE04EC0-301F-11D3-BF4B-00C04F79EFBC}") = "Shared", "Shared\Shared.csproj", "{F360BA5B-F855-472D-831E-F5F378072921}"
EndProject
Project("{FAE04EC0-301F-11D3-BF4B-00C04F79EFBC}") = "Extractor", "Extractor\Extractor.csproj", "{57CA8EF3-2439-4C51-AFE2-27A60B77D27D}"
EndProject
Project("{FAE04EC0-301F-11D3-BF4B-00C04F79EFBC}") = "SoundConverter", "SoundConverter\SoundConverter.csproj", "{C618BA3F-DD52-4EAD-9C2D-9E58C908B9DF}"
EndProject
Project("{FAE04EC0-301F-11D3-BF4B-00C04F79EFBC}") = "BinaryTemplateGenerator", "BinaryTemplateGenerator\BinaryTemplateGenerator.csproj", "{D6A2B809-0CCE-4C58-95A7-CF1C015101FA}"
EndProject
Project("{FAE04EC0-301F-11D3-BF4B-00C04F79EFBC}") = "HookTool", "HookTool\HookTool.csproj", "{F537B409-5754-4C8A-A189-02786C90338B}"
EndProject
Global
	GlobalSection(SolutionConfigurationPlatforms) = preSolution
		Debug|Any CPU = Debug|Any CPU
		Release|Any CPU = Release|Any CPU
	EndGlobalSection
	GlobalSection(ProjectConfigurationPlatforms) = postSolution
		{CAAF15C8-E7C2-478E-B72F-52F069238647}.Debug|Any CPU.ActiveCfg = Debug|x64
		{CAAF15C8-E7C2-478E-B72F-52F069238647}.Debug|Any CPU.Build.0 = Debug|x64
		{CAAF15C8-E7C2-478E-B72F-52F069238647}.Release|Any CPU.ActiveCfg = Release|x64
		{CAAF15C8-E7C2-478E-B72F-52F069238647}.Release|Any CPU.Build.0 = Release|x64
		{3D37BD72-8D37-4BC1-B84A-840DA576C223}.Debug|Any CPU.ActiveCfg = Debug|x64
		{3D37BD72-8D37-4BC1-B84A-840DA576C223}.Debug|Any CPU.Build.0 = Debug|x64
		{3D37BD72-8D37-4BC1-B84A-840DA576C223}.Release|Any CPU.ActiveCfg = Release|x64
		{3D37BD72-8D37-4BC1-B84A-840DA576C223}.Release|Any CPU.Build.0 = Release|x64
		{C8EFA5EA-2EBD-4987-8CFD-CDA4730BDE48}.Debug|Any CPU.ActiveCfg = Debug|Win32
		{C8EFA5EA-2EBD-4987-8CFD-CDA4730BDE48}.Debug|Any CPU.Build.0 = Debug|Win32
		{C8EFA5EA-2EBD-4987-8CFD-CDA4730BDE48}.Release|Any CPU.ActiveCfg = Release|Win32
		{C8EFA5EA-2EBD-4987-8CFD-CDA4730BDE48}.Release|Any CPU.Build.0 = Release|Win32
		{BE6BD0D1-2942-4BE8-AF1F-76B9137CCA6F}.Debug|Any CPU.ActiveCfg = Debug|x64
		{BE6BD0D1-2942-4BE8-AF1F-76B9137CCA6F}.Debug|Any CPU.Build.0 = Debug|x64
		{BE6BD0D1-2942-4BE8-AF1F-76B9137CCA6F}.Release|Any CPU.ActiveCfg = Release|x64
		{BE6BD0D1-2942-4BE8-AF1F-76B9137CCA6F}.Release|Any CPU.Build.0 = Release|x64
		{B3C6CD31-7524-4AAC-AEAD-D85CB06421EE}.Debug|Any CPU.ActiveCfg = Debug|Win32
		{B3C6CD31-7524-4AAC-AEAD-D85CB06421EE}.Debug|Any CPU.Build.0 = Debug|Win32
		{B3C6CD31-7524-4AAC-AEAD-D85CB06421EE}.Release|Any CPU.ActiveCfg = Release|Win32
		{B3C6CD31-7524-4AAC-AEAD-D85CB06421EE}.Release|Any CPU.Build.0 = Release|Win32
		{63BB15C3-BF3B-4DB2-99FB-92B7AEEFE3FC}.Debug|Any CPU.ActiveCfg = Debug|Any CPU
		{63BB15C3-BF3B-4DB2-99FB-92B7AEEFE3FC}.Debug|Any CPU.Build.0 = Debug|Any CPU
		{63BB15C3-BF3B-4DB2-99FB-92B7AEEFE3FC}.Release|Any CPU.ActiveCfg = Release|Any CPU
		{63BB15C3-BF3B-4DB2-99FB-92B7AEEFE3FC}.Release|Any CPU.Build.0 = Release|Any CPU
		{F360BA5B-F855-472D-831E-F5F378072921}.Debug|Any CPU.ActiveCfg = Debug|Any CPU
		{F360BA5B-F855-472D-831E-F5F378072921}.Debug|Any CPU.Build.0 = Debug|Any CPU
		{F360BA5B-F855-472D-831E-F5F378072921}.Release|Any CPU.ActiveCfg = Release|Any CPU
		{F360BA5B-F855-472D-831E-F5F378072921}.Release|Any CPU.Build.0 = Release|Any CPU
		{57CA8EF3-2439-4C51-AFE2-27A60B77D27D}.Debug|Any CPU.ActiveCfg = Debug|Any CPU
		{57CA8EF3-2439-4C51-AFE2-27A60B77D27D}.Debug|Any CPU.Build.0 = Debug|Any CPU
		{57CA8EF3-2439-4C51-AFE2-27A60B77D27D}.Release|Any CPU.ActiveCfg = Release|Any CPU
		{57CA8EF3-2439-4C51-AFE2-27A60B77D27D}.Release|Any CPU.Build.0 = Release|Any CPU
		{C618BA3F-DD52-4EAD-9C2D-9E58C908B9DF}.Debug|Any CPU.ActiveCfg = Debug|Any CPU
		{C618BA3F-DD52-4EAD-9C2D-9E58C908B9DF}.Debug|Any CPU.Build.0 = Debug|Any CPU
		{C618BA3F-DD52-4EAD-9C2D-9E58C908B9DF}.Release|Any CPU.ActiveCfg = Release|Any CPU
		{C618BA3F-DD52-4EAD-9C2D-9E58C908B9DF}.Release|Any CPU.Build.0 = Release|Any CPU
		{D6A2B809-0CCE-4C58-95A7-CF1C015101FA}.Debug|Any CPU.ActiveCfg = Debug|Any CPU
		{D6A2B809-0CCE-4C58-95A7-CF1C015101FA}.Debug|Any CPU.Build.0 = Debug|Any CPU
		{D6A2B809-0CCE-4C58-95A7-CF1C015101FA}.Release|Any CPU.ActiveCfg = Release|Any CPU
		{D6A2B809-0CCE-4C58-95A7-CF1C015101FA}.Release|Any CPU.Build.0 = Release|Any CPU
		{F537B409-5754-4C8A-A189-02786C90338B}.Debug|Any CPU.ActiveCfg = Debug|Any CPU
		{F537B409-5754-4C8A-A189-02786C90338B}.Debug|Any CPU.Build.0 = Debug|Any CPU
		{F537B409-5754-4C8A-A189-02786C90338B}.Release|Any CPU.ActiveCfg = Release|Any CPU
		{F537B409-5754-4C8A-A189-02786C90338B}.Release|Any CPU.Build.0 = Release|Any CPU
	EndGlobalSection
	GlobalSection(SolutionProperties) = preSolution
		HideSolutionNode = FALSE
	EndGlobalSection
	GlobalSection(NestedProjects) = preSolution
		{CAAF15C8-E7C2-478E-B72F-52F069238647} = {DDB4EF12-CC4E-5E88-E6FC-71A802F4DE97}
		{CA794B28-985C-4FBD-83AF-ED057C30F9E3} = {DDB4EF12-CC4E-5E88-E6FC-71A802F4DE97}
		{3D37BD72-8D37-4BC1-B84A-840DA576C223} = {DDB4EF12-CC4E-5E88-E6FC-71A802F4DE97}
		{C8EFA5EA-2EBD-4987-8CFD-CDA4730BDE48} = {DDB4EF12-CC4E-5E88-E6FC-71A802F4DE97}
		{BE6BD0D1-2942-4BE8-AF1F-76B9137CCA6F} = {DDB4EF12-CC4E-5E88-E6FC-71A802F4DE97}
		{B3C6CD31-7524-4AAC-AEAD-D85CB06421EE} = {DDB4EF12-CC4E-5E88-E6FC-71A802F4DE97}
	EndGlobalSection
	GlobalSection(ExtensibilityGlobals) = postSolution
		SolutionGuid = {EBCC4739-79FB-435D-93FC-9E96BA0707E9}
	EndGlobalSection
	GlobalSection(SharedMSBuildProjectFiles) = preSolution
		Hooks\Shared\Shared.vcxitems*{3d37bd72-8d37-4bc1-b84a-840da576c223}*SharedItemsImports = 4
		Hooks\Shared\Shared.vcxitems*{c8efa5ea-2ebd-4987-8cfd-cda4730bde48}*SharedItemsImports = 4
		Hooks\Shared\Shared.vcxitems*{ca794b28-985c-4fbd-83af-ed057c30f9e3}*SharedItemsImports = 9
		Hooks\Shared\Shared.vcxitems*{caaf15c8-e7c2-478e-b72f-52f069238647}*SharedItemsImports = 4
	EndGlobalSection
EndGlobal
